// !$*UTF8*$!
{
	archiveVersion = 1;
	classes = {
	};
	objectVersion = 50;
	objects = {

/* Begin PBXBuildFile section */
		C5CD4D3626E9810000FF0439 /* AppDelegate.swift in Sources */ = {isa = PBXBuildFile; fileRef = C5CD4D3526E9810000FF0439 /* AppDelegate.swift */; };
		C5CD4D3826E9810000FF0439 /* SceneDelegate.swift in Sources */ = {isa = PBXBuildFile; fileRef = C5CD4D3726E9810000FF0439 /* SceneDelegate.swift */; };
		C5CD4D3A26E9810000FF0439 /* ViewController.swift in Sources */ = {isa = PBXBuildFile; fileRef = C5CD4D3926E9810000FF0439 /* ViewController.swift */; };
		C5CD4D3D26E9810000FF0439 /* Main.storyboard in Resources */ = {isa = PBXBuildFile; fileRef = C5CD4D3B26E9810000FF0439 /* Main.storyboard */; };
		C5CD4D3F26E9810500FF0439 /* Assets.xcassets in Resources */ = {isa = PBXBuildFile; fileRef = C5CD4D3E26E9810500FF0439 /* Assets.xcassets */; };
		C5CD4D4226E9810500FF0439 /* LaunchScreen.storyboard in Resources */ = {isa = PBXBuildFile; fileRef = C5CD4D4026E9810500FF0439 /* LaunchScreen.storyboard */; };
		C5CD4D4D26E9810600FF0439 /* FlixPart1Tests.swift in Sources */ = {isa = PBXBuildFile; fileRef = C5CD4D4C26E9810600FF0439 /* FlixPart1Tests.swift */; };
		C5CD4D5826E9810600FF0439 /* FlixPart1UITests.swift in Sources */ = {isa = PBXBuildFile; fileRef = C5CD4D5726E9810600FF0439 /* FlixPart1UITests.swift */; };
/* End PBXBuildFile section */

/* Begin PBXContainerItemProxy section */
		C5CD4D4926E9810600FF0439 /* PBXContainerItemProxy */ = {
			isa = PBXContainerItemProxy;
			containerPortal = C5CD4D2A26E9810000FF0439 /* Project object */;
			proxyType = 1;
			remoteGlobalIDString = C5CD4D3126E9810000FF0439;
			remoteInfo = FlixPart1;
		};
		C5CD4D5426E9810600FF0439 /* PBXContainerItemProxy */ = {
			isa = PBXContainerItemProxy;
			containerPortal = C5CD4D2A26E9810000FF0439 /* Project object */;
			proxyType = 1;
			remoteGlobalIDString = C5CD4D3126E9810000FF0439;
			remoteInfo = FlixPart1;
		};
/* End PBXContainerItemProxy section */

/* Begin PBXFileReference section */
		C5CD4D3226E9810000FF0439 /* FlixPart1.app */ = {isa = PBXFileReference; explicitFileType = wrapper.application; includeInIndex = 0; path = FlixPart1.app; sourceTree = BUILT_PRODUCTS_DIR; };
		C5CD4D3526E9810000FF0439 /* AppDelegate.swift */ = {isa = PBXFileReference; lastKnownFileType = sourcecode.swift; path = AppDelegate.swift; sourceTree = "<group>"; };
		C5CD4D3726E9810000FF0439 /* SceneDelegate.swift */ = {isa = PBXFileReference; lastKnownFileType = sourcecode.swift; path = SceneDelegate.swift; sourceTree = "<group>"; };
		C5CD4D3926E9810000FF0439 /* ViewController.swift */ = {isa = PBXFileReference; lastKnownFileType = sourcecode.swift; path = ViewController.swift; sourceTree = "<group>"; };
		C5CD4D3C26E9810000FF0439 /* Base */ = {isa = PBXFileReference; lastKnownFileType = file.storyboard; name = Base; path = Base.lproj/Main.storyboard; sourceTree = "<group>"; };
		C5CD4D3E26E9810500FF0439 /* Assets.xcassets */ = {isa = PBXFileReference; lastKnownFileType = folder.assetcatalog; path = Assets.xcassets; sourceTree = "<group>"; };
		C5CD4D4126E9810500FF0439 /* Base */ = {isa = PBXFileReference; lastKnownFileType = file.storyboard; name = Base; path = Base.lproj/LaunchScreen.storyboard; sourceTree = "<group>"; };
		C5CD4D4326E9810500FF0439 /* Info.plist */ = {isa = PBXFileReference; lastKnownFileType = text.plist.xml; path = Info.plist; sourceTree = "<group>"; };
		C5CD4D4826E9810600FF0439 /* FlixPart1Tests.xctest */ = {isa = PBXFileReference; explicitFileType = wrapper.cfbundle; includeInIndex = 0; path = FlixPart1Tests.xctest; sourceTree = BUILT_PRODUCTS_DIR; };
		C5CD4D4C26E9810600FF0439 /* FlixPart1Tests.swift */ = {isa = PBXFileReference; lastKnownFileType = sourcecode.swift; path = FlixPart1Tests.swift; sourceTree = "<group>"; };
		C5CD4D4E26E9810600FF0439 /* Info.plist */ = {isa = PBXFileReference; lastKnownFileType = text.plist.xml; path = Info.plist; sourceTree = "<group>"; };
		C5CD4D5326E9810600FF0439 /* FlixPart1UITests.xctest */ = {isa = PBXFileReference; explicitFileType = wrapper.cfbundle; includeInIndex = 0; path = FlixPart1UITests.xctest; sourceTree = BUILT_PRODUCTS_DIR; };
		C5CD4D5726E9810600FF0439 /* FlixPart1UITests.swift */ = {isa = PBXFileReference; lastKnownFileType = sourcecode.swift; path = FlixPart1UITests.swift; sourceTree = "<group>"; };
		C5CD4D5926E9810600FF0439 /* Info.plist */ = {isa = PBXFileReference; lastKnownFileType = text.plist.xml; path = Info.plist; sourceTree = "<group>"; };
/* End PBXFileReference section */

/* Begin PBXFrameworksBuildPhase section */
		C5CD4D2F26E9810000FF0439 /* Frameworks */ = {
			isa = PBXFrameworksBuildPhase;
			buildActionMask = 2147483647;
			files = (
			);
			runOnlyForDeploymentPostprocessing = 0;
		};
		C5CD4D4526E9810600FF0439 /* Frameworks */ = {
			isa = PBXFrameworksBuildPhase;
			buildActionMask = 2147483647;
			files = (
			);
			runOnlyForDeploymentPostprocessing = 0;
		};
		C5CD4D5026E9810600FF0439 /* Frameworks */ = {
			isa = PBXFrameworksBuildPhase;
			buildActionMask = 2147483647;
			files = (
			);
			runOnlyForDeploymentPostprocessing = 0;
		};
/* End PBXFrameworksBuildPhase section */

/* Begin PBXGroup section */
		C5CD4D2926E9810000FF0439 = {
			isa = PBXGroup;
			children = (
				C5CD4D3426E9810000FF0439 /* FlixPart1 */,
				C5CD4D4B26E9810600FF0439 /* FlixPart1Tests */,
				C5CD4D5626E9810600FF0439 /* FlixPart1UITests */,
				C5CD4D3326E9810000FF0439 /* Products */,
			);
			sourceTree = "<group>";
		};
		C5CD4D3326E9810000FF0439 /* Products */ = {
			isa = PBXGroup;
			children = (
				C5CD4D3226E9810000FF0439 /* FlixPart1.app */,
				C5CD4D4826E9810600FF0439 /* FlixPart1Tests.xctest */,
				C5CD4D5326E9810600FF0439 /* FlixPart1UITests.xctest */,
			);
			name = Products;
			sourceTree = "<group>";
		};
		C5CD4D3426E9810000FF0439 /* FlixPart1 */ = {
			isa = PBXGroup;
			children = (
				C5CD4D3526E9810000FF0439 /* AppDelegate.swift */,
				C5CD4D3726E9810000FF0439 /* SceneDelegate.swift */,
				C5CD4D3926E9810000FF0439 /* ViewController.swift */,
				C5CD4D3B26E9810000FF0439 /* Main.storyboard */,
				C5CD4D3E26E9810500FF0439 /* Assets.xcassets */,
				C5CD4D4026E9810500FF0439 /* LaunchScreen.storyboard */,
				C5CD4D4326E9810500FF0439 /* Info.plist */,
			);
			path = FlixPart1;
			sourceTree = "<group>";
		};
		C5CD4D4B26E9810600FF0439 /* FlixPart1Tests */ = {
			isa = PBXGroup;
			children = (
				C5CD4D4C26E9810600FF0439 /* FlixPart1Tests.swift */,
				C5CD4D4E26E9810600FF0439 /* Info.plist */,
			);
			path = FlixPart1Tests;
			sourceTree = "<group>";
		};
		C5CD4D5626E9810600FF0439 /* FlixPart1UITests */ = {
			isa = PBXGroup;
			children = (
				C5CD4D5726E9810600FF0439 /* FlixPart1UITests.swift */,
				C5CD4D5926E9810600FF0439 /* Info.plist */,
			);
			path = FlixPart1UITests;
			sourceTree = "<group>";
		};
/* End PBXGroup section */

/* Begin PBXNativeTarget section */
		C5CD4D3126E9810000FF0439 /* FlixPart1 */ = {
			isa = PBXNativeTarget;
			buildConfigurationList = C5CD4D5C26E9810600FF0439 /* Build configuration list for PBXNativeTarget "FlixPart1" */;
			buildPhases = (
				C5CD4D2E26E9810000FF0439 /* Sources */,
				C5CD4D2F26E9810000FF0439 /* Frameworks */,
				C5CD4D3026E9810000FF0439 /* Resources */,
			);
			buildRules = (
			);
			dependencies = (
			);
			name = FlixPart1;
			productName = FlixPart1;
			productReference = C5CD4D3226E9810000FF0439 /* FlixPart1.app */;
			productType = "com.apple.product-type.application";
		};
		C5CD4D4726E9810600FF0439 /* FlixPart1Tests */ = {
			isa = PBXNativeTarget;
			buildConfigurationList = C5CD4D5F26E9810600FF0439 /* Build configuration list for PBXNativeTarget "FlixPart1Tests" */;
			buildPhases = (
				C5CD4D4426E9810600FF0439 /* Sources */,
				C5CD4D4526E9810600FF0439 /* Frameworks */,
				C5CD4D4626E9810600FF0439 /* Resources */,
			);
			buildRules = (
			);
			dependencies = (
				C5CD4D4A26E9810600FF0439 /* PBXTargetDependency */,
			);
			name = FlixPart1Tests;
			productName = FlixPart1Tests;
			productReference = C5CD4D4826E9810600FF0439 /* FlixPart1Tests.xctest */;
			productType = "com.apple.product-type.bundle.unit-test";
		};
		C5CD4D5226E9810600FF0439 /* FlixPart1UITests */ = {
			isa = PBXNativeTarget;
			buildConfigurationList = C5CD4D6226E9810600FF0439 /* Build configuration list for PBXNativeTarget "FlixPart1UITests" */;
			buildPhases = (
				C5CD4D4F26E9810600FF0439 /* Sources */,
				C5CD4D5026E9810600FF0439 /* Frameworks */,
				C5CD4D5126E9810600FF0439 /* Resources */,
			);
			buildRules = (
			);
			dependencies = (
				C5CD4D5526E9810600FF0439 /* PBXTargetDependency */,
			);
			name = FlixPart1UITests;
			productName = FlixPart1UITests;
			productReference = C5CD4D5326E9810600FF0439 /* FlixPart1UITests.xctest */;
			productType = "com.apple.product-type.bundle.ui-testing";
		};
/* End PBXNativeTarget section */

/* Begin PBXProject section */
		C5CD4D2A26E9810000FF0439 /* Project object */ = {
			isa = PBXProject;
			attributes = {
				LastSwiftUpdateCheck = 1250;
				LastUpgradeCheck = 1250;
				TargetAttributes = {
					C5CD4D3126E9810000FF0439 = {
						CreatedOnToolsVersion = 12.5.1;
					};
					C5CD4D4726E9810600FF0439 = {
						CreatedOnToolsVersion = 12.5.1;
						TestTargetID = C5CD4D3126E9810000FF0439;
					};
					C5CD4D5226E9810600FF0439 = {
						CreatedOnToolsVersion = 12.5.1;
						TestTargetID = C5CD4D3126E9810000FF0439;
					};
				};
			};
			buildConfigurationList = C5CD4D2D26E9810000FF0439 /* Build configuration list for PBXProject "FlixPart1" */;
			compatibilityVersion = "Xcode 9.3";
			developmentRegion = en;
			hasScannedForEncodings = 0;
			knownRegions = (
				en,
				Base,
			);
			mainGroup = C5CD4D2926E9810000FF0439;
			productRefGroup = C5CD4D3326E9810000FF0439 /* Products */;
			projectDirPath = "";
			projectRoot = "";
			targets = (
				C5CD4D3126E9810000FF0439 /* FlixPart1 */,
				C5CD4D4726E9810600FF0439 /* FlixPart1Tests */,
				C5CD4D5226E9810600FF0439 /* FlixPart1UITests */,
			);
		};
/* End PBXProject section */

/* Begin PBXResourcesBuildPhase section */
		C5CD4D3026E9810000FF0439 /* Resources */ = {
			isa = PBXResourcesBuildPhase;
			buildActionMask = 2147483647;
			files = (
				C5CD4D4226E9810500FF0439 /* LaunchScreen.storyboard in Resources */,
				C5CD4D3F26E9810500FF0439 /* Assets.xcassets in Resources */,
				C5CD4D3D26E9810000FF0439 /* Main.storyboard in Resources */,
			);
			runOnlyForDeploymentPostprocessing = 0;
		};
		C5CD4D4626E9810600FF0439 /* Resources */ = {
			isa = PBXResourcesBuildPhase;
			buildActionMask = 2147483647;
			files = (
			);
			runOnlyForDeploymentPostprocessing = 0;
		};
		C5CD4D5126E9810600FF0439 /* Resources */ = {
			isa = PBXResourcesBuildPhase;
			buildActionMask = 2147483647;
			files = (
			);
			runOnlyForDeploymentPostprocessing = 0;
		};
/* End PBXResourcesBuildPhase section */

/* Begin PBXSourcesBuildPhase section */
		C5CD4D2E26E9810000FF0439 /* Sources */ = {
			isa = PBXSourcesBuildPhase;
			buildActionMask = 2147483647;
			files = (
				C5CD4D3A26E9810000FF0439 /* ViewController.swift in Sources */,
				C5CD4D3626E9810000FF0439 /* AppDelegate.swift in Sources */,
				C5CD4D3826E9810000FF0439 /* SceneDelegate.swift in Sources */,
			);
			runOnlyForDeploymentPostprocessing = 0;
		};
		C5CD4D4426E9810600FF0439 /* Sources */ = {
			isa = PBXSourcesBuildPhase;
			buildActionMask = 2147483647;
			files = (
				C5CD4D4D26E9810600FF0439 /* FlixPart1Tests.swift in Sources */,
			);
			runOnlyForDeploymentPostprocessing = 0;
		};
		C5CD4D4F26E9810600FF0439 /* Sources */ = {
			isa = PBXSourcesBuildPhase;
			buildActionMask = 2147483647;
			files = (
				C5CD4D5826E9810600FF0439 /* FlixPart1UITests.swift in Sources */,
			);
			runOnlyForDeploymentPostprocessing = 0;
		};
/* End PBXSourcesBuildPhase section */

/* Begin PBXTargetDependency section */
		C5CD4D4A26E9810600FF0439 /* PBXTargetDependency */ = {
			isa = PBXTargetDependency;
			target = C5CD4D3126E9810000FF0439 /* FlixPart1 */;
			targetProxy = C5CD4D4926E9810600FF0439 /* PBXContainerItemProxy */;
		};
		C5CD4D5526E9810600FF0439 /* PBXTargetDependency */ = {
			isa = PBXTargetDependency;
			target = C5CD4D3126E9810000FF0439 /* FlixPart1 */;
			targetProxy = C5CD4D5426E9810600FF0439 /* PBXContainerItemProxy */;
		};
/* End PBXTargetDependency section */

/* Begin PBXVariantGroup section */
		C5CD4D3B26E9810000FF0439 /* Main.storyboard */ = {
			isa = PBXVariantGroup;
			children = (
				C5CD4D3C26E9810000FF0439 /* Base */,
			);
			name = Main.storyboard;
			sourceTree = "<group>";
		};
		C5CD4D4026E9810500FF0439 /* LaunchScreen.storyboard */ = {
			isa = PBXVariantGroup;
			children = (
				C5CD4D4126E9810500FF0439 /* Base */,
			);
			name = LaunchScreen.storyboard;
			sourceTree = "<group>";
		};
/* End PBXVariantGroup section */

/* Begin XCBuildConfiguration section */
		C5CD4D5A26E9810600FF0439 /* Debug */ = {
			isa = XCBuildConfiguration;
			buildSettings = {
				ALWAYS_SEARCH_USER_PATHS = NO;
				CLANG_ANALYZER_NONNULL = YES;
				CLANG_ANALYZER_NUMBER_OBJECT_CONVERSION = YES_AGGRESSIVE;
				CLANG_CXX_LANGUAGE_STANDARD = "gnu++14";
				CLANG_CXX_LIBRARY = "libc++";
				CLANG_ENABLE_MODULES = YES;
				CLANG_ENABLE_OBJC_ARC = YES;
				CLANG_ENABLE_OBJC_WEAK = YES;
				CLANG_WARN_BLOCK_CAPTURE_AUTORELEASING = YES;
				CLANG_WARN_BOOL_CONVERSION = YES;
				CLANG_WARN_COMMA = YES;
				CLANG_WARN_CONSTANT_CONVERSION = YES;
				CLANG_WARN_DEPRECATED_OBJC_IMPLEMENTATIONS = YES;
				CLANG_WARN_DIRECT_OBJC_ISA_USAGE = YES_ERROR;
				CLANG_WARN_DOCUMENTATION_COMMENTS = YES;
				CLANG_WARN_EMPTY_BODY = YES;
				CLANG_WARN_ENUM_CONVERSION = YES;
				CLANG_WARN_INFINITE_RECURSION = YES;
				CLANG_WARN_INT_CONVERSION = YES;
				CLANG_WARN_NON_LITERAL_NULL_CONVERSION = YES;
				CLANG_WARN_OBJC_IMPLICIT_RETAIN_SELF = YES;
				CLANG_WARN_OBJC_LITERAL_CONVERSION = YES;
				CLANG_WARN_OBJC_ROOT_CLASS = YES_ERROR;
				CLANG_WARN_QUOTED_INCLUDE_IN_FRAMEWORK_HEADER = YES;
				CLANG_WARN_RANGE_LOOP_ANALYSIS = YES;
				CLANG_WARN_STRICT_PROTOTYPES = YES;
				CLANG_WARN_SUSPICIOUS_MOVE = YES;
				CLANG_WARN_UNGUARDED_AVAILABILITY = YES_AGGRESSIVE;
				CLANG_WARN_UNREACHABLE_CODE = YES;
				CLANG_WARN__DUPLICATE_METHOD_MATCH = YES;
				COPY_PHASE_STRIP = NO;
				DEBUG_INFORMATION_FORMAT = dwarf;
				ENABLE_STRICT_OBJC_MSGSEND = YES;
				ENABLE_TESTABILITY = YES;
				GCC_C_LANGUAGE_STANDARD = gnu11;
				GCC_DYNAMIC_NO_PIC = NO;
				GCC_NO_COMMON_BLOCKS = YES;
				GCC_OPTIMIZATION_LEVEL = 0;
				GCC_PREPROCESSOR_DEFINITIONS = (
					"DEBUG=1",
					"$(inherited)",
				);
				GCC_WARN_64_TO_32_BIT_CONVERSION = YES;
				GCC_WARN_ABOUT_RETURN_TYPE = YES_ERROR;
				GCC_WARN_UNDECLARED_SELECTOR = YES;
				GCC_WARN_UNINITIALIZED_AUTOS = YES_AGGRESSIVE;
				GCC_WARN_UNUSED_FUNCTION = YES;
				GCC_WARN_UNUSED_VARIABLE = YES;
				IPHONEOS_DEPLOYMENT_TARGET = 14.5;
				MTL_ENABLE_DEBUG_INFO = INCLUDE_SOURCE;
				MTL_FAST_MATH = YES;
				ONLY_ACTIVE_ARCH = YES;
				SDKROOT = iphoneos;
				SWIFT_ACTIVE_COMPILATION_CONDITIONS = DEBUG;
				SWIFT_OPTIMIZATION_LEVEL = "-Onone";
			};
			name = Debug;
		};
		C5CD4D5B26E9810600FF0439 /* Release */ = {
			isa = XCBuildConfiguration;
			buildSettings = {
				ALWAYS_SEARCH_USER_PATHS = NO;
				CLANG_ANALYZER_NONNULL = YES;
				CLANG_ANALYZER_NUMBER_OBJECT_CONVERSION = YES_AGGRESSIVE;
				CLANG_CXX_LANGUAGE_STANDARD = "gnu++14";
				CLANG_CXX_LIBRARY = "libc++";
				CLANG_ENABLE_MODULES = YES;
				CLANG_ENABLE_OBJC_ARC = YES;
				CLANG_ENABLE_OBJC_WEAK = YES;
				CLANG_WARN_BLOCK_CAPTURE_AUTORELEASING = YES;
				CLANG_WARN_BOOL_CONVERSION = YES;
				CLANG_WARN_COMMA = YES;
				CLANG_WARN_CONSTANT_CONVERSION = YES;
				CLANG_WARN_DEPRECATED_OBJC_IMPLEMENTATIONS = YES;
				CLANG_WARN_DIRECT_OBJC_ISA_USAGE = YES_ERROR;
				CLANG_WARN_DOCUMENTATION_COMMENTS = YES;
				CLANG_WARN_EMPTY_BODY = YES;
				CLANG_WARN_ENUM_CONVERSION = YES;
				CLANG_WARN_INFINITE_RECURSION = YES;
				CLANG_WARN_INT_CONVERSION = YES;
				CLANG_WARN_NON_LITERAL_NULL_CONVERSION = YES;
				CLANG_WARN_OBJC_IMPLICIT_RETAIN_SELF = YES;
				CLANG_WARN_OBJC_LITERAL_CONVERSION = YES;
				CLANG_WARN_OBJC_ROOT_CLASS = YES_ERROR;
				CLANG_WARN_QUOTED_INCLUDE_IN_FRAMEWORK_HEADER = YES;
				CLANG_WARN_RANGE_LOOP_ANALYSIS = YES;
				CLANG_WARN_STRICT_PROTOTYPES = YES;
				CLANG_WARN_SUSPICIOUS_MOVE = YES;
				CLANG_WARN_UNGUARDED_AVAILABILITY = YES_AGGRESSIVE;
				CLANG_WARN_UNREACHABLE_CODE = YES;
				CLANG_WARN__DUPLICATE_METHOD_MATCH = YES;
				COPY_PHASE_STRIP = NO;
				DEBUG_INFORMATION_FORMAT = "dwarf-with-dsym";
				ENABLE_NS_ASSERTIONS = NO;
				ENABLE_STRICT_OBJC_MSGSEND = YES;
				GCC_C_LANGUAGE_STANDARD = gnu11;
				GCC_NO_COMMON_BLOCKS = YES;
				GCC_WARN_64_TO_32_BIT_CONVERSION = YES;
				GCC_WARN_ABOUT_RETURN_TYPE = YES_ERROR;
				GCC_WARN_UNDECLARED_SELECTOR = YES;
				GCC_WARN_UNINITIALIZED_AUTOS = YES_AGGRESSIVE;
				GCC_WARN_UNUSED_FUNCTION = YES;
				GCC_WARN_UNUSED_VARIABLE = YES;
				IPHONEOS_DEPLOYMENT_TARGET = 14.5;
				MTL_ENABLE_DEBUG_INFO = NO;
				MTL_FAST_MATH = YES;
				SDKROOT = iphoneos;
				SWIFT_COMPILATION_MODE = wholemodule;
				SWIFT_OPTIMIZATION_LEVEL = "-O";
				VALIDATE_PRODUCT = YES;
			};
			name = Release;
		};
		C5CD4D5D26E9810600FF0439 /* Debug */ = {
			isa = XCBuildConfiguration;
			buildSettings = {
				ASSETCATALOG_COMPILER_APPICON_NAME = AppIcon;
				ASSETCATALOG_COMPILER_GLOBAL_ACCENT_COLOR_NAME = AccentColor;
				CODE_SIGN_STYLE = Automatic;
				DEVELOPMENT_TEAM = WXDN2797B4;
				INFOPLIST_FILE = FlixPart1/Info.plist;
				LD_RUNPATH_SEARCH_PATHS = (
					"$(inherited)",
					"@executable_path/Frameworks",
				);
				PRODUCT_BUNDLE_IDENTIFIER = memo.com.FlixPart1;
				PRODUCT_NAME = "$(TARGET_NAME)";
				SWIFT_VERSION = 5.0;
				TARGETED_DEVICE_FAMILY = "1,2";
			};
			name = Debug;
		};
		C5CD4D5E26E9810600FF0439 /* Release */ = {
			isa = XCBuildConfiguration;
			buildSettings = {
				ASSETCATALOG_COMPILER_APPICON_NAME = AppIcon;
				ASSETCATALOG_COMPILER_GLOBAL_ACCENT_COLOR_NAME = AccentColor;
				CODE_SIGN_STYLE = Automatic;
				DEVELOPMENT_TEAM = WXDN2797B4;
				INFOPLIST_FILE = FlixPart1/Info.plist;
				LD_RUNPATH_SEARCH_PATHS = (
					"$(inherited)",
					"@executable_path/Frameworks",
				);
				PRODUCT_BUNDLE_IDENTIFIER = memo.com.FlixPart1;
				PRODUCT_NAME = "$(TARGET_NAME)";
				SWIFT_VERSION = 5.0;
				TARGETED_DEVICE_FAMILY = "1,2";
			};
			name = Release;
		};
		C5CD4D6026E9810600FF0439 /* Debug */ = {
			isa = XCBuildConfiguration;
			buildSettings = {
				ALWAYS_EMBED_SWIFT_STANDARD_LIBRARIES = YES;
				BUNDLE_LOADER = "$(TEST_HOST)";
				CODE_SIGN_STYLE = Automatic;
				DEVELOPMENT_TEAM = WXDN2797B4;
				INFOPLIST_FILE = FlixPart1Tests/Info.plist;
				IPHONEOS_DEPLOYMENT_TARGET = 14.5;
				LD_RUNPATH_SEARCH_PATHS = (
					"$(inherited)",
					"@executable_path/Frameworks",
					"@loader_path/Frameworks",
				);
				PRODUCT_BUNDLE_IDENTIFIER = memo.com.FlixPart1Tests;
				PRODUCT_NAME = "$(TARGET_NAME)";
				SWIFT_VERSION = 5.0;
				TARGETED_DEVICE_FAMILY = "1,2";
				TEST_HOST = "$(BUILT_PRODUCTS_DIR)/FlixPart1.app/FlixPart1";
			};
			name = Debug;
		};
		C5CD4D6126E9810600FF0439 /* Release */ = {
			isa = XCBuildConfiguration;
			buildSettings = {
				ALWAYS_EMBED_SWIFT_STANDARD_LIBRARIES = YES;
				BUNDLE_LOADER = "$(TEST_HOST)";
				CODE_SIGN_STYLE = Automatic;
				DEVELOPMENT_TEAM = WXDN2797B4;
				INFOPLIST_FILE = FlixPart1Tests/Info.plist;
				IPHONEOS_DEPLOYMENT_TARGET = 14.5;
				LD_RUNPATH_SEARCH_PATHS = (
					"$(inherited)",
					"@executable_path/Frameworks",
					"@loader_path/Frameworks",
				);
				PRODUCT_BUNDLE_IDENTIFIER = memo.com.FlixPart1Tests;
				PRODUCT_NAME = "$(TARGET_NAME)";
				SWIFT_VERSION = 5.0;
				TARGETED_DEVICE_FAMILY = "1,2";
				TEST_HOST = "$(BUILT_PRODUCTS_DIR)/FlixPart1.app/FlixPart1";
			};
			name = Release;
		};
		C5CD4D6326E9810600FF0439 /* Debug */ = {
			isa = XCBuildConfiguration;
			buildSettings = {
				ALWAYS_EMBED_SWIFT_STANDARD_LIBRARIES = YES;
				CODE_SIGN_STYLE = Automatic;
				DEVELOPMENT_TEAM = WXDN2797B4;
				INFOPLIST_FILE = FlixPart1UITests/Info.plist;
				LD_RUNPATH_SEARCH_PATHS = (
					"$(inherited)",
					"@executable_path/Frameworks",
					"@loader_path/Frameworks",
				);
				PRODUCT_BUNDLE_IDENTIFIER = memo.com.FlixPart1UITests;
				PRODUCT_NAME = "$(TARGET_NAME)";
				SWIFT_VERSION = 5.0;
				TARGETED_DEVICE_FAMILY = "1,2";
				TEST_TARGET_NAME = FlixPart1;
			};
			name = Debug;
		};
		C5CD4D6426E9810600FF0439 /* Release */ = {
			isa = XCBuildConfiguration;
			buildSettings = {
				ALWAYS_EMBED_SWIFT_STANDARD_LIBRARIES = YES;
				CODE_SIGN_STYLE = Automatic;
				DEVELOPMENT_TEAM = WXDN2797B4;
				INFOPLIST_FILE = FlixPart1UITests/Info.plist;
				LD_RUNPATH_SEARCH_PATHS = (
					"$(inherited)",
					"@executable_path/Frameworks",
					"@loader_path/Frameworks",
				);
				PRODUCT_BUNDLE_IDENTIFIER = memo.com.FlixPart1UITests;
				PRODUCT_NAME = "$(TARGET_NAME)";
				SWIFT_VERSION = 5.0;
				TARGETED_DEVICE_FAMILY = "1,2";
				TEST_TARGET_NAME = FlixPart1;
			};
			name = Release;
		};
/* End XCBuildConfiguration section */

/* Begin XCConfigurationList section */
		C5CD4D2D26E9810000FF0439 /* Build configuration list for PBXProject "FlixPart1" */ = {
			isa = XCConfigurationList;
			buildConfigurations = (
				C5CD4D5A26E9810600FF0439 /* Debug */,
				C5CD4D5B26E9810600FF0439 /* Release */,
			);
			defaultConfigurationIsVisible = 0;
			defaultConfigurationName = Release;
		};
		C5CD4D5C26E9810600FF0439 /* Build configuration list for PBXNativeTarget "FlixPart1" */ = {
			isa = XCConfigurationList;
			buildConfigurations = (
				C5CD4D5D26E9810600FF0439 /* Debug */,
				C5CD4D5E26E9810600FF0439 /* Release */,
			);
			defaultConfigurationIsVisible = 0;
			defaultConfigurationName = Release;
		};
		C5CD4D5F26E9810600FF0439 /* Build configuration list for PBXNativeTarget "FlixPart1Tests" */ = {
			isa = XCConfigurationList;
			buildConfigurations = (
				C5CD4D6026E9810600FF0439 /* Debug */,
				C5CD4D6126E9810600FF0439 /* Release */,
			);
			defaultConfigurationIsVisible = 0;
			defaultConfigurationName = Release;
		};
		C5CD4D6226E9810600FF0439 /* Build configuration list for PBXNativeTarget "FlixPart1UITests" */ = {
			isa = XCConfigurationList;
			buildConfigurations = (
				C5CD4D6326E9810600FF0439 /* Debug */,
				C5CD4D6426E9810600FF0439 /* Release */,
			);
			defaultConfigurationIsVisible = 0;
			defaultConfigurationName = Release;
		};
/* End XCConfigurationList section */
	};
	rootObject = C5CD4D2A26E9810000FF0439 /* Project object */;
}
